
Microsoft Visual Studio Solution File, Format Version 12.00
# Visual Studio Version 16
VisualStudioVersion = 16.0.32228.343
MinimumVisualStudioVersion = 10.0.40219.1
Project("{9A19103F-16F7-4668-BE54-9A1E7A4F7556}") = "Opa.Dynamics.Coonfie.Host", "Opa.Dynamics.Coonfie.Host\Opa.Dynamics.Coonfie.Host.csproj", "{D531DBA0-64D0-4389-9AAC-7015A0C31450}"
EndProject
Project("{9A19103F-16F7-4668-BE54-9A1E7A4F7556}") = "Opa.Dynamics.Coonfie.Module", "Opa.Dynamics.Coonfie.Module\Opa.Dynamics.Coonfie.Module.csproj", "{8A3200C1-8C81-483D-865E-192C9B03B158}"
EndProject
Project("{9A19103F-16F7-4668-BE54-9A1E7A4F7556}") = "Opa.Dynamics.Coonfie.Dal", "Opa.Dynamics.Coonfie.Dal\Opa.Dynamics.Coonfie.Dal.csproj", "{262DBCB0-39E1-49EF-A027-D01CF9494D27}"
EndProject
Project("{9A19103F-16F7-4668-BE54-9A1E7A4F7556}") = "Opa.Dynamics.Coonfie.Entities", "Opa.Dynamics.Coonfie.Entities\Opa.Dynamics.Coonfie.Entities.csproj", "{6F2B417A-5998-4DAF-8F60-224648CABC95}"
EndProject
Project("{FAE04EC0-301F-11D3-BF4B-00C04F79EFBC}") = "Opa.Dinamycs.Coonfie.Abstractions", "Opa.Dinamycs.Coonfie.Abstractions\Opa.Dinamycs.Coonfie.Abstractions.csproj", "{7CED9981-33EF-4A2B-B134-CBCE4E55F6B6}"
EndProject
Global
	GlobalSection(SolutionConfigurationPlatforms) = preSolution
		Debug|Any CPU = Debug|Any CPU
		Release|Any CPU = Release|Any CPU
	EndGlobalSection
	GlobalSection(ProjectConfigurationPlatforms) = postSolution
		{D531DBA0-64D0-4389-9AAC-7015A0C31450}.Debug|Any CPU.ActiveCfg = Debug|Any CPU
		{D531DBA0-64D0-4389-9AAC-7015A0C31450}.Debug|Any CPU.Build.0 = Debug|Any CPU
		{D531DBA0-64D0-4389-9AAC-7015A0C31450}.Release|Any CPU.ActiveCfg = Release|Any CPU
		{D531DBA0-64D0-4389-9AAC-7015A0C31450}.Release|Any CPU.Build.0 = Release|Any CPU
		{8A3200C1-8C81-483D-865E-192C9B03B158}.Debug|Any CPU.ActiveCfg = Debug|Any CPU
		{8A3200C1-8C81-483D-865E-192C9B03B158}.Debug|Any CPU.Build.0 = Debug|Any CPU
		{8A3200C1-8C81-483D-865E-192C9B03B158}.Release|Any CPU.ActiveCfg = Release|Any CPU
		{8A3200C1-8C81-483D-865E-192C9B03B158}.Release|Any CPU.Build.0 = Release|Any CPU
		{262DBCB0-39E1-49EF-A027-D01CF9494D27}.Debug|Any CPU.ActiveCfg = Debug|Any CPU
		{262DBCB0-39E1-49EF-A027-D01CF9494D27}.Debug|Any CPU.Build.0 = Debug|Any CPU
		{262DBCB0-39E1-49EF-A027-D01CF9494D27}.Release|Any CPU.ActiveCfg = Release|Any CPU
		{262DBCB0-39E1-49EF-A027-D01CF9494D27}.Release|Any CPU.Build.0 = Release|Any CPU
		{6F2B417A-5998-4DAF-8F60-224648CABC95}.Debug|Any CPU.ActiveCfg = Debug|Any CPU
		{6F2B417A-5998-4DAF-8F60-224648CABC95}.Debug|Any CPU.Build.0 = Debug|Any CPU
		{6F2B417A-5998-4DAF-8F60-224648CABC95}.Release|Any CPU.ActiveCfg = Release|Any CPU
		{6F2B417A-5998-4DAF-8F60-224648CABC95}.Release|Any CPU.Build.0 = Release|Any CPU
		{7CED9981-33EF-4A2B-B134-CBCE4E55F6B6}.Debug|Any CPU.ActiveCfg = Debug|Any CPU
		{7CED9981-33EF-4A2B-B134-CBCE4E55F6B6}.Debug|Any CPU.Build.0 = Debug|Any CPU
		{7CED9981-33EF-4A2B-B134-CBCE4E55F6B6}.Release|Any CPU.ActiveCfg = Release|Any CPU
		{7CED9981-33EF-4A2B-B134-CBCE4E55F6B6}.Release|Any CPU.Build.0 = Release|Any CPU
	EndGlobalSection
	GlobalSection(SolutionProperties) = preSolution
		HideSolutionNode = FALSE
	EndGlobalSection
	GlobalSection(ExtensibilityGlobals) = postSolution
		SolutionGuid = {AB838949-CB11-4E22-9A24-79CDA7A7DCA7}
	EndGlobalSection
EndGlobal
